
Microsoft Visual Studio Solution File, Format Version 12.00
# Visual Studio Version 17
VisualStudioVersion = 17.6.33723.286
MinimumVisualStudioVersion = 10.0.40219.1
Project("{FAE04EC0-301F-11D3-BF4B-00C04F79EFBC}") = "customer_Product_Back-end", "customer_Product_Back-end.csproj", "{04BFF784-6A20-4BF2-B81B-0F5C2CF1CE6A}"
EndProject
Global
	GlobalSection(SolutionConfigurationPlatforms) = preSolution
		Debug|Any CPU = Debug|Any CPU
		Release|Any CPU = Release|Any CPU
	EndGlobalSection
	GlobalSection(ProjectConfigurationPlatforms) = postSolution
		{04BFF784-6A20-4BF2-B81B-0F5C2CF1CE6A}.Debug|Any CPU.ActiveCfg = Debug|Any CPU
		{04BFF784-6A20-4BF2-B81B-0F5C2CF1CE6A}.Debug|Any CPU.Build.0 = Debug|Any CPU
		{04BFF784-6A20-4BF2-B81B-0F5C2CF1CE6A}.Release|Any CPU.ActiveCfg = Release|Any CPU
		{04BFF784-6A20-4BF2-B81B-0F5C2CF1CE6A}.Release|Any CPU.Build.0 = Release|Any CPU
	EndGlobalSection
	GlobalSection(SolutionProperties) = preSolution
		HideSolutionNode = FALSE
	EndGlobalSection
	GlobalSection(ExtensibilityGlobals) = postSolution
		SolutionGuid = {8F1CD566-FD10-4816-BBCF-35FB6B5D0C1B}
	EndGlobalSection
EndGlobal
